
Microsoft Visual Studio Solution File, Format Version 12.00
# Visual Studio Version 16
VisualStudioVersion = 16.0.30011.22
MinimumVisualStudioVersion = 10.0.40219.1
Project("{FAE04EC0-301F-11D3-BF4B-00C04F79EFBC}") = "SalesTax", "SalesTax\SalesTax.csproj", "{CE696F10-472B-4F43-AE8F-0AC837FE0656}"
EndProject
Global
	GlobalSection(SolutionConfigurationPlatforms) = preSolution
		Debug|Any CPU = Debug|Any CPU
		Release|Any CPU = Release|Any CPU
	EndGlobalSection
	GlobalSection(ProjectConfigurationPlatforms) = postSolution
		{CE696F10-472B-4F43-AE8F-0AC837FE0656}.Debug|Any CPU.ActiveCfg = Debug|Any CPU
		{CE696F10-472B-4F43-AE8F-0AC837FE0656}.Debug|Any CPU.Build.0 = Debug|Any CPU
		{CE696F10-472B-4F43-AE8F-0AC837FE0656}.Release|Any CPU.ActiveCfg = Release|Any CPU
		{CE696F10-472B-4F43-AE8F-0AC837FE0656}.Release|Any CPU.Build.0 = Release|Any CPU
	EndGlobalSection
	GlobalSection(SolutionProperties) = preSolution
		HideSolutionNode = FALSE
	EndGlobalSection
	GlobalSection(ExtensibilityGlobals) = postSolution
		SolutionGuid = {F9C63FF0-3FD0-468A-A31B-229D5AE721A0}
	EndGlobalSection
EndGlobal
